
Microsoft Visual Studio Solution File, Format Version 12.00
# Visual Studio 15
VisualStudioVersion = 15.0.28010.2026
MinimumVisualStudioVersion = 10.0.40219.1
Project("{FAE04EC0-301F-11D3-BF4B-00C04F79EFBC}") = "ClassLibrary1", "ClassLibrary1\ClassLibrary1.csproj", "{CFE0DF29-0167-4733-832E-0364C6C412CF}"
EndProject
Global
	GlobalSection(SolutionConfigurationPlatforms) = preSolution
		Debug|Any CPU = Debug|Any CPU
		Release|Any CPU = Release|Any CPU
	EndGlobalSection
	GlobalSection(ProjectConfigurationPlatforms) = postSolution
		{CFE0DF29-0167-4733-832E-0364C6C412CF}.Debug|Any CPU.ActiveCfg = Debug|Any CPU
		{CFE0DF29-0167-4733-832E-0364C6C412CF}.Debug|Any CPU.Build.0 = Debug|Any CPU
		{CFE0DF29-0167-4733-832E-0364C6C412CF}.Release|Any CPU.ActiveCfg = Release|Any CPU
		{CFE0DF29-0167-4733-832E-0364C6C412CF}.Release|Any CPU.Build.0 = Release|Any CPU
	EndGlobalSection
	GlobalSection(SolutionProperties) = preSolution
		HideSolutionNode = FALSE
	EndGlobalSection
	GlobalSection(ExtensibilityGlobals) = postSolution
		SolutionGuid = {B34BA7DF-8B24-429D-807B-098387382810}
	EndGlobalSection
EndGlobal
