
Microsoft Visual Studio Solution File, Format Version 12.00
# Visual Studio 15
VisualStudioVersion = 15.0.28010.2026
MinimumVisualStudioVersion = 10.0.40219.1
Project("{2150E333-8FDC-42A3-9474-1A3956D46DE8}") = "BLL", "BLL", "{41924705-B437-4BE6-9D70-D11D7D23DB3A}"
EndProject
Project("{2150E333-8FDC-42A3-9474-1A3956D46DE8}") = "DAL", "DAL", "{0396C97C-AEA1-4A28-84EB-D625C915C439}"
EndProject
Project("{2150E333-8FDC-42A3-9474-1A3956D46DE8}") = "UI", "UI", "{2C3F71F0-C408-4A33-AD3A-C66289DBF30F}"
EndProject
Project("{FAE04EC0-301F-11D3-BF4B-00C04F79EFBC}") = "DataAccess", "DAL\DataAccess\DataAccess.csproj", "{F6AD3099-8503-484C-82C8-96C4F5D1B5A1}"
EndProject
Project("{FAE04EC0-301F-11D3-BF4B-00C04F79EFBC}") = "DataAccess.Contract", "DAL\DataAccess.Contract\DataAccess.Contract.csproj", "{FA7C544F-6532-4828-8A41-1B81B5441FEF}"
EndProject
Project("{FAE04EC0-301F-11D3-BF4B-00C04F79EFBC}") = "DataAccess.DI", "DAL\DataAccess.DI\DataAccess.DI.csproj", "{6768AEF5-E10B-4CD5-94FD-F9BCB4A902E3}"
EndProject
Project("{FAE04EC0-301F-11D3-BF4B-00C04F79EFBC}") = "BusinessLogic", "BLL\BusinessLogic\BusinessLogic.csproj", "{36E5B5EB-D567-4271-B16E-50A9EE4331B5}"
EndProject
Project("{FAE04EC0-301F-11D3-BF4B-00C04F79EFBC}") = "BusinessLogic.Contract", "BLL\BusinessLogic.Contract\BusinessLogic.Contract.csproj", "{F4D08F75-9726-4DF8-AFA7-2DF86E8F1214}"
EndProject
Project("{FAE04EC0-301F-11D3-BF4B-00C04F79EFBC}") = "BusinessLogic.DI", "BLL\BusinessLogic.DI\BusinessLogic.DI.csproj", "{71E42E92-C98A-4DE8-8876-83E81B8F9B1B}"
EndProject
Project("{FAE04EC0-301F-11D3-BF4B-00C04F79EFBC}") = "WebClient", "UI\WebClient\WebClient.csproj", "{903FDB29-5C59-4D49-B9AC-939BD5F0C0B2}"
EndProject
Global
	GlobalSection(SolutionConfigurationPlatforms) = preSolution
		Debug|Any CPU = Debug|Any CPU
		Release|Any CPU = Release|Any CPU
	EndGlobalSection
	GlobalSection(ProjectConfigurationPlatforms) = postSolution
		{F6AD3099-8503-484C-82C8-96C4F5D1B5A1}.Debug|Any CPU.ActiveCfg = Debug|Any CPU
		{F6AD3099-8503-484C-82C8-96C4F5D1B5A1}.Debug|Any CPU.Build.0 = Debug|Any CPU
		{F6AD3099-8503-484C-82C8-96C4F5D1B5A1}.Release|Any CPU.ActiveCfg = Release|Any CPU
		{F6AD3099-8503-484C-82C8-96C4F5D1B5A1}.Release|Any CPU.Build.0 = Release|Any CPU
		{FA7C544F-6532-4828-8A41-1B81B5441FEF}.Debug|Any CPU.ActiveCfg = Debug|Any CPU
		{FA7C544F-6532-4828-8A41-1B81B5441FEF}.Debug|Any CPU.Build.0 = Debug|Any CPU
		{FA7C544F-6532-4828-8A41-1B81B5441FEF}.Release|Any CPU.ActiveCfg = Release|Any CPU
		{FA7C544F-6532-4828-8A41-1B81B5441FEF}.Release|Any CPU.Build.0 = Release|Any CPU
		{6768AEF5-E10B-4CD5-94FD-F9BCB4A902E3}.Debug|Any CPU.ActiveCfg = Debug|Any CPU
		{6768AEF5-E10B-4CD5-94FD-F9BCB4A902E3}.Debug|Any CPU.Build.0 = Debug|Any CPU
		{6768AEF5-E10B-4CD5-94FD-F9BCB4A902E3}.Release|Any CPU.ActiveCfg = Release|Any CPU
		{6768AEF5-E10B-4CD5-94FD-F9BCB4A902E3}.Release|Any CPU.Build.0 = Release|Any CPU
		{36E5B5EB-D567-4271-B16E-50A9EE4331B5}.Debug|Any CPU.ActiveCfg = Debug|Any CPU
		{36E5B5EB-D567-4271-B16E-50A9EE4331B5}.Debug|Any CPU.Build.0 = Debug|Any CPU
		{36E5B5EB-D567-4271-B16E-50A9EE4331B5}.Release|Any CPU.ActiveCfg = Release|Any CPU
		{36E5B5EB-D567-4271-B16E-50A9EE4331B5}.Release|Any CPU.Build.0 = Release|Any CPU
		{F4D08F75-9726-4DF8-AFA7-2DF86E8F1214}.Debug|Any CPU.ActiveCfg = Debug|Any CPU
		{F4D08F75-9726-4DF8-AFA7-2DF86E8F1214}.Debug|Any CPU.Build.0 = Debug|Any CPU
		{F4D08F75-9726-4DF8-AFA7-2DF86E8F1214}.Release|Any CPU.ActiveCfg = Release|Any CPU
		{F4D08F75-9726-4DF8-AFA7-2DF86E8F1214}.Release|Any CPU.Build.0 = Release|Any CPU
		{71E42E92-C98A-4DE8-8876-83E81B8F9B1B}.Debug|Any CPU.ActiveCfg = Debug|Any CPU
		{71E42E92-C98A-4DE8-8876-83E81B8F9B1B}.Debug|Any CPU.Build.0 = Debug|Any CPU
		{71E42E92-C98A-4DE8-8876-83E81B8F9B1B}.Release|Any CPU.ActiveCfg = Release|Any CPU
		{71E42E92-C98A-4DE8-8876-83E81B8F9B1B}.Release|Any CPU.Build.0 = Release|Any CPU
		{903FDB29-5C59-4D49-B9AC-939BD5F0C0B2}.Debug|Any CPU.ActiveCfg = Debug|Any CPU
		{903FDB29-5C59-4D49-B9AC-939BD5F0C0B2}.Debug|Any CPU.Build.0 = Debug|Any CPU
		{903FDB29-5C59-4D49-B9AC-939BD5F0C0B2}.Release|Any CPU.ActiveCfg = Release|Any CPU
		{903FDB29-5C59-4D49-B9AC-939BD5F0C0B2}.Release|Any CPU.Build.0 = Release|Any CPU
	EndGlobalSection
	GlobalSection(SolutionProperties) = preSolution
		HideSolutionNode = FALSE
	EndGlobalSection
	GlobalSection(NestedProjects) = preSolution
		{F6AD3099-8503-484C-82C8-96C4F5D1B5A1} = {0396C97C-AEA1-4A28-84EB-D625C915C439}
		{FA7C544F-6532-4828-8A41-1B81B5441FEF} = {0396C97C-AEA1-4A28-84EB-D625C915C439}
		{6768AEF5-E10B-4CD5-94FD-F9BCB4A902E3} = {0396C97C-AEA1-4A28-84EB-D625C915C439}
		{36E5B5EB-D567-4271-B16E-50A9EE4331B5} = {41924705-B437-4BE6-9D70-D11D7D23DB3A}
		{F4D08F75-9726-4DF8-AFA7-2DF86E8F1214} = {41924705-B437-4BE6-9D70-D11D7D23DB3A}
		{71E42E92-C98A-4DE8-8876-83E81B8F9B1B} = {41924705-B437-4BE6-9D70-D11D7D23DB3A}
		{903FDB29-5C59-4D49-B9AC-939BD5F0C0B2} = {2C3F71F0-C408-4A33-AD3A-C66289DBF30F}
	EndGlobalSection
	GlobalSection(ExtensibilityGlobals) = postSolution
		SolutionGuid = {B34BA7DF-8B24-429D-807B-098387382810}
	EndGlobalSection
EndGlobal
